
Microsoft Visual Studio Solution File, Format Version 12.00
# Visual Studio Version 17
VisualStudioVersion = 17.11.35312.102
MinimumVisualStudioVersion = 10.0.40219.1
Project("{FAE04EC0-301F-11D3-BF4B-00C04F79EFBC}") = "LAPBT06.GUI", "LAPBT06\LAPBT06.GUI.csproj", "{A7D35CD7-DB7F-4DE8-9AC8-E8E7C8A75FA0}"
EndProject
Project("{FAE04EC0-301F-11D3-BF4B-00C04F79EFBC}") = "LAPBT06.BUS", "LAPBT06.BUS\LAPBT06.BUS.csproj", "{BC1A018D-2A7C-484C-ADCE-BE8CD91850E5}"
EndProject
Project("{FAE04EC0-301F-11D3-BF4B-00C04F79EFBC}") = "LAPBT06.DAL", "LAPBT06.DAL\LAPBT06.DAL.csproj", "{FF58DB79-A19C-4C73-94C0-A8F4372ED2D6}"
EndProject
Global
	GlobalSection(SolutionConfigurationPlatforms) = preSolution
		Debug|Any CPU = Debug|Any CPU
		Release|Any CPU = Release|Any CPU
	EndGlobalSection
	GlobalSection(ProjectConfigurationPlatforms) = postSolution
		{A7D35CD7-DB7F-4DE8-9AC8-E8E7C8A75FA0}.Debug|Any CPU.ActiveCfg = Debug|Any CPU
		{A7D35CD7-DB7F-4DE8-9AC8-E8E7C8A75FA0}.Debug|Any CPU.Build.0 = Debug|Any CPU
		{A7D35CD7-DB7F-4DE8-9AC8-E8E7C8A75FA0}.Release|Any CPU.ActiveCfg = Release|Any CPU
		{A7D35CD7-DB7F-4DE8-9AC8-E8E7C8A75FA0}.Release|Any CPU.Build.0 = Release|Any CPU
		{BC1A018D-2A7C-484C-ADCE-BE8CD91850E5}.Debug|Any CPU.ActiveCfg = Debug|Any CPU
		{BC1A018D-2A7C-484C-ADCE-BE8CD91850E5}.Debug|Any CPU.Build.0 = Debug|Any CPU
		{BC1A018D-2A7C-484C-ADCE-BE8CD91850E5}.Release|Any CPU.ActiveCfg = Release|Any CPU
		{BC1A018D-2A7C-484C-ADCE-BE8CD91850E5}.Release|Any CPU.Build.0 = Release|Any CPU
		{FF58DB79-A19C-4C73-94C0-A8F4372ED2D6}.Debug|Any CPU.ActiveCfg = Debug|Any CPU
		{FF58DB79-A19C-4C73-94C0-A8F4372ED2D6}.Debug|Any CPU.Build.0 = Debug|Any CPU
		{FF58DB79-A19C-4C73-94C0-A8F4372ED2D6}.Release|Any CPU.ActiveCfg = Release|Any CPU
		{FF58DB79-A19C-4C73-94C0-A8F4372ED2D6}.Release|Any CPU.Build.0 = Release|Any CPU
	EndGlobalSection
	GlobalSection(SolutionProperties) = preSolution
		HideSolutionNode = FALSE
	EndGlobalSection
	GlobalSection(ExtensibilityGlobals) = postSolution
		SolutionGuid = {61401004-515D-49B1-A73E-A0A294E1555A}
	EndGlobalSection
EndGlobal
